
Microsoft Visual Studio Solution File, Format Version 12.00
# Visual Studio Version 17
VisualStudioVersion = 17.7.34221.43
MinimumVisualStudioVersion = 10.0.40219.1
Project("{FAE04EC0-301F-11D3-BF4B-00C04F79EFBC}") = "408Client", "408Client\408Client.csproj", "{35000A93-7C66-4B73-9E40-9EC733B71553}"
EndProject
Global
	GlobalSection(SolutionConfigurationPlatforms) = preSolution
		Debug|Any CPU = Debug|Any CPU
		Release|Any CPU = Release|Any CPU
	EndGlobalSection
	GlobalSection(ProjectConfigurationPlatforms) = postSolution
		{35000A93-7C66-4B73-9E40-9EC733B71553}.Debug|Any CPU.ActiveCfg = Debug|Any CPU
		{35000A93-7C66-4B73-9E40-9EC733B71553}.Debug|Any CPU.Build.0 = Debug|Any CPU
		{35000A93-7C66-4B73-9E40-9EC733B71553}.Release|Any CPU.ActiveCfg = Release|Any CPU
		{35000A93-7C66-4B73-9E40-9EC733B71553}.Release|Any CPU.Build.0 = Release|Any CPU
	EndGlobalSection
	GlobalSection(SolutionProperties) = preSolution
		HideSolutionNode = FALSE
	EndGlobalSection
	GlobalSection(ExtensibilityGlobals) = postSolution
		SolutionGuid = {0EC3C5C2-0956-483F-AABC-269022394D8E}
	EndGlobalSection
EndGlobal
